
Microsoft Visual Studio Solution File, Format Version 12.00
# Visual Studio Version 17
VisualStudioVersion = 17.10.35122.118
MinimumVisualStudioVersion = 10.0.40219.1
Project("{FAE04EC0-301F-11D3-BF4B-00C04F79EFBC}") = "WebApi_TurnosPeluqueria", "WebApi_TurnosPeluqueria.csproj", "{7C9A1A61-947A-48F2-827A-2C210E68BE37}"
EndProject
Global
	GlobalSection(SolutionConfigurationPlatforms) = preSolution
		Debug|Any CPU = Debug|Any CPU
		Release|Any CPU = Release|Any CPU
	EndGlobalSection
	GlobalSection(ProjectConfigurationPlatforms) = postSolution
		{7C9A1A61-947A-48F2-827A-2C210E68BE37}.Debug|Any CPU.ActiveCfg = Debug|Any CPU
		{7C9A1A61-947A-48F2-827A-2C210E68BE37}.Debug|Any CPU.Build.0 = Debug|Any CPU
		{7C9A1A61-947A-48F2-827A-2C210E68BE37}.Release|Any CPU.ActiveCfg = Release|Any CPU
		{7C9A1A61-947A-48F2-827A-2C210E68BE37}.Release|Any CPU.Build.0 = Release|Any CPU
	EndGlobalSection
	GlobalSection(SolutionProperties) = preSolution
		HideSolutionNode = FALSE
	EndGlobalSection
	GlobalSection(ExtensibilityGlobals) = postSolution
		SolutionGuid = {79C51F59-9C21-43C2-87EF-E675922C8E2F}
	EndGlobalSection
EndGlobal
